{
  "dependencies": {
    "externalify": {
      "version": "http://nexus.lvxingpai.com/content/groups/npm-entry/externalify/-/externalify-0.1.0.tgz",
      "dependencies": {
        "globo": {
          "version": "http://nexus.lvxingpai.com/content/groups/npm-entry/globo/-/globo-1.0.2.tgz",
          "dependencies": {
            "accessory": {
              "version": "http://nexus.lvxingpai.com/content/groups/npm-entry/accessory/-/accessory-1.0.1.tgz",
              "dependencies": {
                "dot-parts": {
                  "version": "http://nexus.lvxingpai.com/content/groups/npm-entry/dot-parts/-/dot-parts-1.0.1.tgz"
                }
              }
            },
            "is-defined": {
              "version": "http://nexus.lvxingpai.com/content/groups/npm-entry/is-defined/-/is-defined-1.0.0.tgz"
            },
            "ternary": {
              "version": "http://nexus.lvxingpai.com/content/groups/npm-entry/ternary/-/ternary-1.0.0.tgz"
            }
          }
        },
        "map-obj": {
          "version": "http://nexus.lvxingpai.com/content/groups/npm-entry/map-obj/-/map-obj-1.0.1.tgz"
        },
        "replace-require-functions": {
          "version": "http://nexus.lvxingpai.com/content/groups/npm-entry/replace-require-functions/-/replace-require-functions-1.0.0.tgz",
          "dependencies": {
            "detective": {
              "version": "http://nexus.lvxingpai.com/content/groups/npm-entry/detective/-/detective-4.1.1.tgz",
              "dependencies": {
                "acorn": {
                  "version": "http://nexus.lvxingpai.com/content/groups/npm-entry/acorn/-/acorn-1.2.2.tgz"
                },
                "defined": {
                  "version": "http://nexus.lvxingpai.com/content/groups/npm-entry/defined/-/defined-1.0.0.tgz"
                },
                "escodegen": {
                  "version": "http://nexus.lvxingpai.com/content/groups/npm-entry/escodegen/-/escodegen-1.6.1.tgz",
                  "dependencies": {
                    "estraverse": {
                      "version": "http://nexus.lvxingpai.com/content/groups/npm-entry/estraverse/-/estraverse-1.9.3.tgz"
                    },
                    "esutils": {
                      "version": "http://nexus.lvxingpai.com/content/groups/npm-entry/esutils/-/esutils-1.1.6.tgz"
                    },
                    "esprima": {
                      "version": "http://nexus.lvxingpai.com/content/groups/npm-entry/esprima/-/esprima-1.2.5.tgz"
                    },
                    "optionator": {
                      "version": "http://nexus.lvxingpai.com/content/groups/npm-entry/optionator/-/optionator-0.5.0.tgz",
                      "dependencies": {
                        "prelude-ls": {
                          "version": "http://nexus.lvxingpai.com/content/groups/npm-entry/prelude-ls/-/prelude-ls-1.1.2.tgz"
                        },
                        "deep-is": {
                          "version": "http://nexus.lvxingpai.com/content/groups/npm-entry/deep-is/-/deep-is-0.1.3.tgz"
                        },
                        "wordwrap": {
                          "version": "http://nexus.lvxingpai.com/content/groups/npm-entry/wordwrap/-/wordwrap-0.0.3.tgz"
                        },
                        "type-check": {
                          "version": "http://nexus.lvxingpai.com/content/groups/npm-entry/type-check/-/type-check-0.3.1.tgz"
                        },
                        "levn": {
                          "version": "http://nexus.lvxingpai.com/content/groups/npm-entry/levn/-/levn-0.2.5.tgz"
                        },
                        "fast-levenshtein": {
                          "version": "http://nexus.lvxingpai.com/content/groups/npm-entry/fast-levenshtein/-/fast-levenshtein-1.0.7.tgz"
                        }
                      }
                    },
                    "source-map": {
                      "version": "http://nexus.lvxingpai.com/content/groups/npm-entry/source-map/-/source-map-0.1.43.tgz",
                      "dependencies": {
                        "amdefine": {
                          "version": "http://nexus.lvxingpai.com/content/groups/npm-entry/amdefine/-/amdefine-1.0.0.tgz"
                        }
                      }
                    }
                  }
                }
              }
            },
            "has-require": {
              "version": "http://nexus.lvxingpai.com/content/groups/npm-entry/has-require/-/has-require-1.2.1.tgz",
              "dependencies": {
                "escape-string-regexp": {
                  "version": "http://nexus.lvxingpai.com/content/groups/npm-entry/escape-string-regexp/-/escape-string-regexp-1.0.3.tgz"
                }
              }
            },
            "patch-text": {
              "version": "http://nexus.lvxingpai.com/content/groups/npm-entry/patch-text/-/patch-text-1.0.2.tgz"
            },
            "xtend": {
              "version": "http://nexus.lvxingpai.com/content/groups/npm-entry/xtend/-/xtend-4.0.0.tgz"
            }
          }
        },
        "through2": {
          "version": "http://nexus.lvxingpai.com/content/groups/npm-entry/through2/-/through2-0.4.2.tgz",
          "dependencies": {
            "readable-stream": {
              "version": "http://nexus.lvxingpai.com/content/groups/npm-entry/readable-stream/-/readable-stream-1.0.33.tgz",
              "dependencies": {
                "core-util-is": {
                  "version": "http://nexus.lvxingpai.com/content/groups/npm-entry/core-util-is/-/core-util-is-1.0.1.tgz"
                },
                "isarray": {
                  "version": "http://nexus.lvxingpai.com/content/groups/npm-entry/isarray/-/isarray-0.0.1.tgz"
                },
                "string_decoder": {
                  "version": "http://nexus.lvxingpai.com/content/groups/npm-entry/string_decoder/-/string_decoder-0.10.31.tgz"
                },
                "inherits": {
                  "version": "http://nexus.lvxingpai.com/content/groups/npm-entry/inherits/-/inherits-2.0.1.tgz"
                }
              }
            },
            "xtend": {
              "version": "http://nexus.lvxingpai.com/content/groups/npm-entry/xtend/-/xtend-2.1.2.tgz",
              "dependencies": {
                "object-keys": {
                  "version": "http://nexus.lvxingpai.com/content/groups/npm-entry/object-keys/-/object-keys-0.4.0.tgz"
                }
              }
            }
          }
        },
        "transformify": {
          "version": "http://nexus.lvxingpai.com/content/groups/npm-entry/transformify/-/transformify-0.1.2.tgz",
          "dependencies": {
            "readable-stream": {
              "version": "http://nexus.lvxingpai.com/content/groups/npm-entry/readable-stream/-/readable-stream-1.1.13.tgz",
              "dependencies": {
                "core-util-is": {
                  "version": "http://nexus.lvxingpai.com/content/groups/npm-entry/core-util-is/-/core-util-is-1.0.1.tgz"
                },
                "isarray": {
                  "version": "http://nexus.lvxingpai.com/content/groups/npm-entry/isarray/-/isarray-0.0.1.tgz"
                },
                "string_decoder": {
                  "version": "http://nexus.lvxingpai.com/content/groups/npm-entry/string_decoder/-/string_decoder-0.10.31.tgz"
                },
                "inherits": {
                  "version": "http://nexus.lvxingpai.com/content/groups/npm-entry/inherits/-/inherits-2.0.1.tgz"
                }
              }
            }
          }
        }
      }
    },
    "material-ui": {
      "version": "http://nexus.lvxingpai.com/content/groups/npm-entry/material-ui/-/material-ui-0.10.1.tgz",
      "dependencies": {
        "classnames": {
          "version": "http://nexus.lvxingpai.com/content/groups/npm-entry/classnames/-/classnames-1.2.2.tgz"
        },
        "react-draggable2": {
          "version": "http://nexus.lvxingpai.com/content/groups/npm-entry/react-draggable2/-/react-draggable2-0.5.1.tgz"
        }
      }
    },
    "react": {
      "version": "http://nexus.lvxingpai.com/content/groups/npm-entry/react/-/react-0.13.3.tgz",
      "dependencies": {
        "envify": {
          "version": "http://nexus.lvxingpai.com/content/groups/npm-entry/envify/-/envify-3.4.0.tgz",
          "dependencies": {
            "through": {
              "version": "http://nexus.lvxingpai.com/content/groups/npm-entry/through/-/through-2.3.8.tgz"
            },
            "jstransform": {
              "version": "http://nexus.lvxingpai.com/content/groups/npm-entry/jstransform/-/jstransform-10.1.0.tgz",
              "dependencies": {
                "base62": {
                  "version": "http://nexus.lvxingpai.com/content/groups/npm-entry/base62/-/base62-0.1.1.tgz"
                },
                "esprima-fb": {
                  "version": "http://nexus.lvxingpai.com/content/groups/npm-entry/esprima-fb/-/esprima-fb-13001.1001.0-dev-harmony-fb.tgz"
                },
                "source-map": {
                  "version": "http://nexus.lvxingpai.com/content/groups/npm-entry/source-map/-/source-map-0.1.31.tgz",
                  "dependencies": {
                    "amdefine": {
                      "version": "http://nexus.lvxingpai.com/content/groups/npm-entry/amdefine/-/amdefine-1.0.0.tgz"
                    }
                  }
                }
              }
            }
          }
        }
      }
    },
    "react-tap-event-plugin": {
      "version": "http://nexus.lvxingpai.com/content/groups/npm-entry/react-tap-event-plugin/-/react-tap-event-plugin-0.1.7.tgz"
    }
  }
}
